// !$*UTF8*$!
{
	archiveVersion = 1;
	classes = {
	};
	objectVersion = 56;
	objects = {

/* Begin PBXBuildFile section */
		3FD3D7C92A56FF9B99BD4B03 /* Pods_WeatherRadarForAston.framework in Frameworks */ = {isa = PBXBuildFile; fileRef = BA4A3B42BEA21ECD69BBC07C /* Pods_WeatherRadarForAston.framework */; };
		B7268F682A9A39A100D8DE18 /* MainViewController.swift in Sources */ = {isa = PBXBuildFile; fileRef = B7268F672A9A39A100D8DE18 /* MainViewController.swift */; };
		B7268F6A2A9A3A7C00D8DE18 /* MainViewModel.swift in Sources */ = {isa = PBXBuildFile; fileRef = B7268F692A9A3A7C00D8DE18 /* MainViewModel.swift */; };
		B7268F932A9B543C00D8DE18 /* OfferModel.swift in Sources */ = {isa = PBXBuildFile; fileRef = B7268F922A9B543C00D8DE18 /* OfferModel.swift */; };
		B7268F962A9B5C1400D8DE18 /* DefaultsKeys.swift in Sources */ = {isa = PBXBuildFile; fileRef = B7268F952A9B5C1400D8DE18 /* DefaultsKeys.swift */; };
		B7268F982A9B62A200D8DE18 /* LocationServise.swift in Sources */ = {isa = PBXBuildFile; fileRef = B7268F972A9B62A200D8DE18 /* LocationServise.swift */; };
		B7268F9B2A9B65F200D8DE18 /* WeatherModel.swift in Sources */ = {isa = PBXBuildFile; fileRef = B7268F9A2A9B65F200D8DE18 /* WeatherModel.swift */; };
		B7268F9D2A9B66FE00D8DE18 /* MainModel.swift in Sources */ = {isa = PBXBuildFile; fileRef = B7268F9C2A9B66FE00D8DE18 /* MainModel.swift */; };
		B7268FA12A9BB83E00D8DE18 /* CityModel.swift in Sources */ = {isa = PBXBuildFile; fileRef = B7268FA02A9BB83E00D8DE18 /* CityModel.swift */; };
		B7268FA42A9BC73600D8DE18 /* FiveDaysOfferModel.swift in Sources */ = {isa = PBXBuildFile; fileRef = B7268FA32A9BC73600D8DE18 /* FiveDaysOfferModel.swift */; };
		B7268FA62A9BC79800D8DE18 /* ForecatModel.swift in Sources */ = {isa = PBXBuildFile; fileRef = B7268FA52A9BC79800D8DE18 /* ForecatModel.swift */; };
		B7268FAA2A9BE9E800D8DE18 /* CityDataModel.swift in Sources */ = {isa = PBXBuildFile; fileRef = B7268FA92A9BE9E800D8DE18 /* CityDataModel.swift */; };
		B7268FAC2A9BECE000D8DE18 /* CitiesEnum.swift in Sources */ = {isa = PBXBuildFile; fileRef = B7268FAB2A9BECE000D8DE18 /* CitiesEnum.swift */; };
		B7268FAE2A9BED1000D8DE18 /* Coordinate.swift in Sources */ = {isa = PBXBuildFile; fileRef = B7268FAD2A9BED1000D8DE18 /* Coordinate.swift */; };
		B7268FB12A9BF88700D8DE18 /* CustomHourCell.xib in Resources */ = {isa = PBXBuildFile; fileRef = B7268FB02A9BF88700D8DE18 /* CustomHourCell.xib */; };
		B7B622FB2A98E9A10036E44B /* AppDelegate.swift in Sources */ = {isa = PBXBuildFile; fileRef = B7B622FA2A98E9A10036E44B /* AppDelegate.swift */; };
		B7B622FF2A98E9A10036E44B /* LoginViewController.swift in Sources */ = {isa = PBXBuildFile; fileRef = B7B622FE2A98E9A10036E44B /* LoginViewController.swift */; };
		B7B623022A98E9A10036E44B /* Main.storyboard in Resources */ = {isa = PBXBuildFile; fileRef = B7B623002A98E9A10036E44B /* Main.storyboard */; };
		B7B623042A98E9A30036E44B /* Assets.xcassets in Resources */ = {isa = PBXBuildFile; fileRef = B7B623032A98E9A30036E44B /* Assets.xcassets */; };
		B7B623072A98E9A30036E44B /* LaunchScreen.storyboard in Resources */ = {isa = PBXBuildFile; fileRef = B7B623052A98E9A30036E44B /* LaunchScreen.storyboard */; };
		B7B623172A98F7D70036E44B /* User.swift in Sources */ = {isa = PBXBuildFile; fileRef = B7B623162A98F7D70036E44B /* User.swift */; };
		B7B623192A98F8600036E44B /* LoginViewModel.swift in Sources */ = {isa = PBXBuildFile; fileRef = B7B623182A98F8600036E44B /* LoginViewModel.swift */; };
		B7B6231C2A98F9100036E44B /* Dynamic.swift in Sources */ = {isa = PBXBuildFile; fileRef = B7B6231B2A98F9100036E44B /* Dynamic.swift */; };
		B7B623212A9A11410036E44B /* Coordinator.swift in Sources */ = {isa = PBXBuildFile; fileRef = B7B623202A9A11410036E44B /* Coordinator.swift */; };
		B7B623232A9A11DC0036E44B /* AppCoordinator.swift in Sources */ = {isa = PBXBuildFile; fileRef = B7B623222A9A11DC0036E44B /* AppCoordinator.swift */; };
		B7B623262A9A13300036E44B /* Storyboardable.swift in Sources */ = {isa = PBXBuildFile; fileRef = B7B623252A9A13300036E44B /* Storyboardable.swift */; };
		B7B623282A9A29F80036E44B /* RegisterViewModel.swift in Sources */ = {isa = PBXBuildFile; fileRef = B7B623272A9A29F80036E44B /* RegisterViewModel.swift */; };
		B7B6232A2A9A2A3B0036E44B /* RegisterViewController.swift in Sources */ = {isa = PBXBuildFile; fileRef = B7B623292A9A2A3B0036E44B /* RegisterViewController.swift */; };
/* End PBXBuildFile section */

/* Begin PBXFileReference section */
		1D7A314F413487646C49B5AA /* Pods-WeatherRadarForAston.debug.xcconfig */ = {isa = PBXFileReference; includeInIndex = 1; lastKnownFileType = text.xcconfig; name = "Pods-WeatherRadarForAston.debug.xcconfig"; path = "Target Support Files/Pods-WeatherRadarForAston/Pods-WeatherRadarForAston.debug.xcconfig"; sourceTree = "<group>"; };
		A7D88E5C8EFDDCEDF84BF096 /* Pods-WeatherRadarForAston.release.xcconfig */ = {isa = PBXFileReference; includeInIndex = 1; lastKnownFileType = text.xcconfig; name = "Pods-WeatherRadarForAston.release.xcconfig"; path = "Target Support Files/Pods-WeatherRadarForAston/Pods-WeatherRadarForAston.release.xcconfig"; sourceTree = "<group>"; };
		B7268F672A9A39A100D8DE18 /* MainViewController.swift */ = {isa = PBXFileReference; lastKnownFileType = sourcecode.swift; path = MainViewController.swift; sourceTree = "<group>"; };
		B7268F692A9A3A7C00D8DE18 /* MainViewModel.swift */ = {isa = PBXFileReference; lastKnownFileType = sourcecode.swift; path = MainViewModel.swift; sourceTree = "<group>"; };
		B7268F922A9B543C00D8DE18 /* OfferModel.swift */ = {isa = PBXFileReference; lastKnownFileType = sourcecode.swift; path = OfferModel.swift; sourceTree = "<group>"; };
		B7268F952A9B5C1400D8DE18 /* DefaultsKeys.swift */ = {isa = PBXFileReference; lastKnownFileType = sourcecode.swift; path = DefaultsKeys.swift; sourceTree = "<group>"; };
		B7268F972A9B62A200D8DE18 /* LocationServise.swift */ = {isa = PBXFileReference; lastKnownFileType = sourcecode.swift; path = LocationServise.swift; sourceTree = "<group>"; };
		B7268F9A2A9B65F200D8DE18 /* WeatherModel.swift */ = {isa = PBXFileReference; lastKnownFileType = sourcecode.swift; path = WeatherModel.swift; sourceTree = "<group>"; };
		B7268F9C2A9B66FE00D8DE18 /* MainModel.swift */ = {isa = PBXFileReference; lastKnownFileType = sourcecode.swift; path = MainModel.swift; sourceTree = "<group>"; };
		B7268FA02A9BB83E00D8DE18 /* CityModel.swift */ = {isa = PBXFileReference; lastKnownFileType = sourcecode.swift; path = CityModel.swift; sourceTree = "<group>"; };
		B7268FA32A9BC73600D8DE18 /* FiveDaysOfferModel.swift */ = {isa = PBXFileReference; lastKnownFileType = sourcecode.swift; path = FiveDaysOfferModel.swift; sourceTree = "<group>"; };
		B7268FA52A9BC79800D8DE18 /* ForecatModel.swift */ = {isa = PBXFileReference; lastKnownFileType = sourcecode.swift; path = ForecatModel.swift; sourceTree = "<group>"; };
		B7268FA92A9BE9E800D8DE18 /* CityDataModel.swift */ = {isa = PBXFileReference; lastKnownFileType = sourcecode.swift; path = CityDataModel.swift; sourceTree = "<group>"; };
		B7268FAB2A9BECE000D8DE18 /* CitiesEnum.swift */ = {isa = PBXFileReference; lastKnownFileType = sourcecode.swift; path = CitiesEnum.swift; sourceTree = "<group>"; };
		B7268FAD2A9BED1000D8DE18 /* Coordinate.swift */ = {isa = PBXFileReference; lastKnownFileType = sourcecode.swift; path = Coordinate.swift; sourceTree = "<group>"; };
		B7268FB02A9BF88700D8DE18 /* CustomHourCell.xib */ = {isa = PBXFileReference; lastKnownFileType = file.xib; path = CustomHourCell.xib; sourceTree = "<group>"; };
		B7B622F72A98E9A10036E44B /* WeatherRadarForAston.app */ = {isa = PBXFileReference; explicitFileType = wrapper.application; includeInIndex = 0; path = WeatherRadarForAston.app; sourceTree = BUILT_PRODUCTS_DIR; };
		B7B622FA2A98E9A10036E44B /* AppDelegate.swift */ = {isa = PBXFileReference; lastKnownFileType = sourcecode.swift; path = AppDelegate.swift; sourceTree = "<group>"; };
		B7B622FE2A98E9A10036E44B /* LoginViewController.swift */ = {isa = PBXFileReference; lastKnownFileType = sourcecode.swift; path = LoginViewController.swift; sourceTree = "<group>"; };
		B7B623012A98E9A10036E44B /* Base */ = {isa = PBXFileReference; lastKnownFileType = file.storyboard; name = Base; path = Base.lproj/Main.storyboard; sourceTree = "<group>"; };
		B7B623032A98E9A30036E44B /* Assets.xcassets */ = {isa = PBXFileReference; lastKnownFileType = folder.assetcatalog; path = Assets.xcassets; sourceTree = "<group>"; };
		B7B623062A98E9A30036E44B /* Base */ = {isa = PBXFileReference; lastKnownFileType = file.storyboard; name = Base; path = Base.lproj/LaunchScreen.storyboard; sourceTree = "<group>"; };
		B7B623082A98E9A30036E44B /* Info.plist */ = {isa = PBXFileReference; lastKnownFileType = text.plist.xml; path = Info.plist; sourceTree = "<group>"; };
		B7B623162A98F7D70036E44B /* User.swift */ = {isa = PBXFileReference; lastKnownFileType = sourcecode.swift; path = User.swift; sourceTree = "<group>"; };
		B7B623182A98F8600036E44B /* LoginViewModel.swift */ = {isa = PBXFileReference; lastKnownFileType = sourcecode.swift; path = LoginViewModel.swift; sourceTree = "<group>"; };
		B7B6231B2A98F9100036E44B /* Dynamic.swift */ = {isa = PBXFileReference; lastKnownFileType = sourcecode.swift; path = Dynamic.swift; sourceTree = "<group>"; };
		B7B623202A9A11410036E44B /* Coordinator.swift */ = {isa = PBXFileReference; lastKnownFileType = sourcecode.swift; path = Coordinator.swift; sourceTree = "<group>"; };
		B7B623222A9A11DC0036E44B /* AppCoordinator.swift */ = {isa = PBXFileReference; lastKnownFileType = sourcecode.swift; path = AppCoordinator.swift; sourceTree = "<group>"; };
		B7B623252A9A13300036E44B /* Storyboardable.swift */ = {isa = PBXFileReference; lastKnownFileType = sourcecode.swift; path = Storyboardable.swift; sourceTree = "<group>"; };
		B7B623272A9A29F80036E44B /* RegisterViewModel.swift */ = {isa = PBXFileReference; lastKnownFileType = sourcecode.swift; path = RegisterViewModel.swift; sourceTree = "<group>"; };
		B7B623292A9A2A3B0036E44B /* RegisterViewController.swift */ = {isa = PBXFileReference; lastKnownFileType = sourcecode.swift; path = RegisterViewController.swift; sourceTree = "<group>"; };
		BA4A3B42BEA21ECD69BBC07C /* Pods_WeatherRadarForAston.framework */ = {isa = PBXFileReference; explicitFileType = wrapper.framework; includeInIndex = 0; path = Pods_WeatherRadarForAston.framework; sourceTree = BUILT_PRODUCTS_DIR; };
/* End PBXFileReference section */

/* Begin PBXFrameworksBuildPhase section */
		B7B622F42A98E9A10036E44B /* Frameworks */ = {
			isa = PBXFrameworksBuildPhase;
			buildActionMask = 2147483647;
			files = (
				3FD3D7C92A56FF9B99BD4B03 /* Pods_WeatherRadarForAston.framework in Frameworks */,
			);
			runOnlyForDeploymentPostprocessing = 0;
		};
/* End PBXFrameworksBuildPhase section */

/* Begin PBXGroup section */
		7B9F6BB94D24C640D3AA7F47 /* Frameworks */ = {
			isa = PBXGroup;
			children = (
				BA4A3B42BEA21ECD69BBC07C /* Pods_WeatherRadarForAston.framework */,
			);
			name = Frameworks;
			sourceTree = "<group>";
		};
		B7268F912A9B538600D8DE18 /* NetworkManager */ = {
			isa = PBXGroup;
			children = (
				B7268F972A9B62A200D8DE18 /* LocationServise.swift */,
			);
			path = NetworkManager;
			sourceTree = "<group>";
		};
		B7268F942A9B5BFC00D8DE18 /* Enums */ = {
			isa = PBXGroup;
			children = (
				B7268F952A9B5C1400D8DE18 /* DefaultsKeys.swift */,
				B7268FAB2A9BECE000D8DE18 /* CitiesEnum.swift */,
			);
			path = Enums;
			sourceTree = "<group>";
		};
		B7268F992A9B65AC00D8DE18 /* OfferModels */ = {
			isa = PBXGroup;
			children = (
				B7268F922A9B543C00D8DE18 /* OfferModel.swift */,
				B7268FA32A9BC73600D8DE18 /* FiveDaysOfferModel.swift */,
				B7268FA52A9BC79800D8DE18 /* ForecatModel.swift */,
				B7268F9A2A9B65F200D8DE18 /* WeatherModel.swift */,
				B7268F9C2A9B66FE00D8DE18 /* MainModel.swift */,
				B7268FA92A9BE9E800D8DE18 /* CityDataModel.swift */,
				B7268FA02A9BB83E00D8DE18 /* CityModel.swift */,
				B7268FAD2A9BED1000D8DE18 /* Coordinate.swift */,
			);
			path = OfferModels;
			sourceTree = "<group>";
		};
		B7268FA22A9BC70700D8DE18 /* FiveDaysModel */ = {
			isa = PBXGroup;
			children = (
			);
			path = FiveDaysModel;
			sourceTree = "<group>";
		};
		B7268FAF2A9BF85B00D8DE18 /* CustomXibs */ = {
			isa = PBXGroup;
			children = (
				B7268FB02A9BF88700D8DE18 /* CustomHourCell.xib */,
			);
			path = CustomXibs;
			sourceTree = "<group>";
		};
		B7B622EE2A98E9A10036E44B = {
			isa = PBXGroup;
			children = (
				B7B622F92A98E9A10036E44B /* WeatherRadarForAston */,
				B7B622F82A98E9A10036E44B /* Products */,
				EF7854CE1D43FF98CAEAAA08 /* Pods */,
				7B9F6BB94D24C640D3AA7F47 /* Frameworks */,
			);
			sourceTree = "<group>";
		};
		B7B622F82A98E9A10036E44B /* Products */ = {
			isa = PBXGroup;
			children = (
				B7B622F72A98E9A10036E44B /* WeatherRadarForAston.app */,
			);
			name = Products;
			sourceTree = "<group>";
		};
		B7B622F92A98E9A10036E44B /* WeatherRadarForAston */ = {
			isa = PBXGroup;
			children = (
				B7268F912A9B538600D8DE18 /* NetworkManager */,
				B7B6231E2A9A11150036E44B /* Coordinators */,
				B7B623102A98F72D0036E44B /* ViewModels */,
				B7B623122A98F73D0036E44B /* Models */,
				B7B623112A98F7350036E44B /* Views */,
				B7B623152A98F7750036E44B /* Resources */,
				B7B622FA2A98E9A10036E44B /* AppDelegate.swift */,
				B7B623082A98E9A30036E44B /* Info.plist */,
			);
			path = WeatherRadarForAston;
			sourceTree = "<group>";
		};
		B7B623102A98F72D0036E44B /* ViewModels */ = {
			isa = PBXGroup;
			children = (
				B7B6231A2A98F8FC0036E44B /* Bindings */,
				B7B623182A98F8600036E44B /* LoginViewModel.swift */,
				B7B623272A9A29F80036E44B /* RegisterViewModel.swift */,
				B7268F692A9A3A7C00D8DE18 /* MainViewModel.swift */,
			);
			path = ViewModels;
			sourceTree = "<group>";
		};
		B7B623112A98F7350036E44B /* Views */ = {
			isa = PBXGroup;
			children = (
				B7B623242A9A13130036E44B /* Protocols */,
				B7B6231D2A9A0D6D0036E44B /* ViewControllers */,
				B7B623132A98F7470036E44B /* Storyboards */,
			);
			path = Views;
			sourceTree = "<group>";
		};
		B7B623122A98F73D0036E44B /* Models */ = {
			isa = PBXGroup;
			children = (
				B7268FA22A9BC70700D8DE18 /* FiveDaysModel */,
				B7268F992A9B65AC00D8DE18 /* OfferModels */,
				B7268F942A9B5BFC00D8DE18 /* Enums */,
				B7B623162A98F7D70036E44B /* User.swift */,
			);
			path = Models;
			sourceTree = "<group>";
		};
		B7B623132A98F7470036E44B /* Storyboards */ = {
			isa = PBXGroup;
			children = (
				B7268FAF2A9BF85B00D8DE18 /* CustomXibs */,
				B7B623052A98E9A30036E44B /* LaunchScreen.storyboard */,
				B7B623002A98E9A10036E44B /* Main.storyboard */,
			);
			path = Storyboards;
			sourceTree = "<group>";
		};
		B7B623152A98F7750036E44B /* Resources */ = {
			isa = PBXGroup;
			children = (
				B7B623032A98E9A30036E44B /* Assets.xcassets */,
			);
			path = Resources;
			sourceTree = "<group>";
		};
		B7B6231A2A98F8FC0036E44B /* Bindings */ = {
			isa = PBXGroup;
			children = (
				B7B6231B2A98F9100036E44B /* Dynamic.swift */,
			);
			path = Bindings;
			sourceTree = "<group>";
		};
		B7B6231D2A9A0D6D0036E44B /* ViewControllers */ = {
			isa = PBXGroup;
			children = (
				B7B622FE2A98E9A10036E44B /* LoginViewController.swift */,
				B7B623292A9A2A3B0036E44B /* RegisterViewController.swift */,
				B7268F672A9A39A100D8DE18 /* MainViewController.swift */,
			);
			path = ViewControllers;
			sourceTree = "<group>";
		};
		B7B6231E2A9A11150036E44B /* Coordinators */ = {
			isa = PBXGroup;
			children = (
				B7B6231F2A9A112B0036E44B /* Protocols */,
				B7B623222A9A11DC0036E44B /* AppCoordinator.swift */,
			);
			path = Coordinators;
			sourceTree = "<group>";
		};
		B7B6231F2A9A112B0036E44B /* Protocols */ = {
			isa = PBXGroup;
			children = (
				B7B623202A9A11410036E44B /* Coordinator.swift */,
			);
			path = Protocols;
			sourceTree = "<group>";
		};
		B7B623242A9A13130036E44B /* Protocols */ = {
			isa = PBXGroup;
			children = (
				B7B623252A9A13300036E44B /* Storyboardable.swift */,
			);
			path = Protocols;
			sourceTree = "<group>";
		};
		EF7854CE1D43FF98CAEAAA08 /* Pods */ = {
			isa = PBXGroup;
			children = (
				1D7A314F413487646C49B5AA /* Pods-WeatherRadarForAston.debug.xcconfig */,
				A7D88E5C8EFDDCEDF84BF096 /* Pods-WeatherRadarForAston.release.xcconfig */,
			);
			path = Pods;
			sourceTree = "<group>";
		};
/* End PBXGroup section */

/* Begin PBXNativeTarget section */
		B7B622F62A98E9A10036E44B /* WeatherRadarForAston */ = {
			isa = PBXNativeTarget;
			buildConfigurationList = B7B6230B2A98E9A30036E44B /* Build configuration list for PBXNativeTarget "WeatherRadarForAston" */;
			buildPhases = (
				7B6E550907E0E69F57E28ABA /* [CP] Check Pods Manifest.lock */,
				B7B622F32A98E9A10036E44B /* Sources */,
				B7B622F42A98E9A10036E44B /* Frameworks */,
				B7B622F52A98E9A10036E44B /* Resources */,
			);
			buildRules = (
			);
			dependencies = (
			);
			name = WeatherRadarForAston;
			productName = WeatherRadarForAston;
			productReference = B7B622F72A98E9A10036E44B /* WeatherRadarForAston.app */;
			productType = "com.apple.product-type.application";
		};
/* End PBXNativeTarget section */

/* Begin PBXProject section */
		B7B622EF2A98E9A10036E44B /* Project object */ = {
			isa = PBXProject;
			attributes = {
				BuildIndependentTargetsInParallel = 1;
				LastSwiftUpdateCheck = 1430;
				LastUpgradeCheck = 1430;
				TargetAttributes = {
					B7B622F62A98E9A10036E44B = {
						CreatedOnToolsVersion = 14.3.1;
					};
				};
			};
			buildConfigurationList = B7B622F22A98E9A10036E44B /* Build configuration list for PBXProject "WeatherRadarForAston" */;
			compatibilityVersion = "Xcode 14.0";
			developmentRegion = en;
			hasScannedForEncodings = 0;
			knownRegions = (
				en,
				Base,
			);
			mainGroup = B7B622EE2A98E9A10036E44B;
			productRefGroup = B7B622F82A98E9A10036E44B /* Products */;
			projectDirPath = "";
			projectRoot = "";
			targets = (
				B7B622F62A98E9A10036E44B /* WeatherRadarForAston */,
			);
		};
/* End PBXProject section */

/* Begin PBXResourcesBuildPhase section */
		B7B622F52A98E9A10036E44B /* Resources */ = {
			isa = PBXResourcesBuildPhase;
			buildActionMask = 2147483647;
			files = (
				B7268FB12A9BF88700D8DE18 /* CustomHourCell.xib in Resources */,
				B7B623072A98E9A30036E44B /* LaunchScreen.storyboard in Resources */,
				B7B623042A98E9A30036E44B /* Assets.xcassets in Resources */,
				B7B623022A98E9A10036E44B /* Main.storyboard in Resources */,
			);
			runOnlyForDeploymentPostprocessing = 0;
		};
/* End PBXResourcesBuildPhase section */

/* Begin PBXShellScriptBuildPhase section */
		7B6E550907E0E69F57E28ABA /* [CP] Check Pods Manifest.lock */ = {
			isa = PBXShellScriptBuildPhase;
			buildActionMask = 2147483647;
			files = (
			);
			inputFileListPaths = (
			);
			inputPaths = (
				"${PODS_PODFILE_DIR_PATH}/Podfile.lock",
				"${PODS_ROOT}/Manifest.lock",
			);
			name = "[CP] Check Pods Manifest.lock";
			outputFileListPaths = (
			);
			outputPaths = (
				"$(DERIVED_FILE_DIR)/Pods-WeatherRadarForAston-checkManifestLockResult.txt",
			);
			runOnlyForDeploymentPostprocessing = 0;
			shellPath = /bin/sh;
			shellScript = "diff \"${PODS_PODFILE_DIR_PATH}/Podfile.lock\" \"${PODS_ROOT}/Manifest.lock\" > /dev/null\nif [ $? != 0 ] ; then\n    # print error to STDERR\n    echo \"error: The sandbox is not in sync with the Podfile.lock. Run 'pod install' or update your CocoaPods installation.\" >&2\n    exit 1\nfi\n# This output is used by Xcode 'outputs' to avoid re-running this script phase.\necho \"SUCCESS\" > \"${SCRIPT_OUTPUT_FILE_0}\"\n";
			showEnvVarsInLog = 0;
		};
/* End PBXShellScriptBuildPhase section */

/* Begin PBXSourcesBuildPhase section */
		B7B622F32A98E9A10036E44B /* Sources */ = {
			isa = PBXSourcesBuildPhase;
			buildActionMask = 2147483647;
			files = (
				B7B622FF2A98E9A10036E44B /* LoginViewController.swift in Sources */,
				B7B6232A2A9A2A3B0036E44B /* RegisterViewController.swift in Sources */,
				B7268FA62A9BC79800D8DE18 /* ForecatModel.swift in Sources */,
				B7B622FB2A98E9A10036E44B /* AppDelegate.swift in Sources */,
				B7268FAE2A9BED1000D8DE18 /* Coordinate.swift in Sources */,
				B7B623212A9A11410036E44B /* Coordinator.swift in Sources */,
				B7268F932A9B543C00D8DE18 /* OfferModel.swift in Sources */,
				B7268F682A9A39A100D8DE18 /* MainViewController.swift in Sources */,
				B7268FA12A9BB83E00D8DE18 /* CityModel.swift in Sources */,
				B7B6231C2A98F9100036E44B /* Dynamic.swift in Sources */,
				B7B623262A9A13300036E44B /* Storyboardable.swift in Sources */,
				B7B623172A98F7D70036E44B /* User.swift in Sources */,
				B7268FAC2A9BECE000D8DE18 /* CitiesEnum.swift in Sources */,
				B7B623192A98F8600036E44B /* LoginViewModel.swift in Sources */,
				B7B623282A9A29F80036E44B /* RegisterViewModel.swift in Sources */,
				B7268F962A9B5C1400D8DE18 /* DefaultsKeys.swift in Sources */,
				B7268FAA2A9BE9E800D8DE18 /* CityDataModel.swift in Sources */,
				B7268F982A9B62A200D8DE18 /* LocationServise.swift in Sources */,
				B7268F6A2A9A3A7C00D8DE18 /* MainViewModel.swift in Sources */,
				B7268F9D2A9B66FE00D8DE18 /* MainModel.swift in Sources */,
				B7268F9B2A9B65F200D8DE18 /* WeatherModel.swift in Sources */,
				B7268FA42A9BC73600D8DE18 /* FiveDaysOfferModel.swift in Sources */,
				B7B623232A9A11DC0036E44B /* AppCoordinator.swift in Sources */,
			);
			runOnlyForDeploymentPostprocessing = 0;
		};
/* End PBXSourcesBuildPhase section */

/* Begin PBXVariantGroup section */
		B7B623002A98E9A10036E44B /* Main.storyboard */ = {
			isa = PBXVariantGroup;
			children = (
				B7B623012A98E9A10036E44B /* Base */,
			);
			name = Main.storyboard;
			sourceTree = "<group>";
		};
		B7B623052A98E9A30036E44B /* LaunchScreen.storyboard */ = {
			isa = PBXVariantGroup;
			children = (
				B7B623062A98E9A30036E44B /* Base */,
			);
			name = LaunchScreen.storyboard;
			sourceTree = "<group>";
		};
/* End PBXVariantGroup section */

/* Begin XCBuildConfiguration section */
		B7B623092A98E9A30036E44B /* Debug */ = {
			isa = XCBuildConfiguration;
			buildSettings = {
				ALWAYS_SEARCH_USER_PATHS = NO;
				CLANG_ANALYZER_NONNULL = YES;
				CLANG_ANALYZER_NUMBER_OBJECT_CONVERSION = YES_AGGRESSIVE;
				CLANG_CXX_LANGUAGE_STANDARD = "gnu++20";
				CLANG_ENABLE_MODULES = YES;
				CLANG_ENABLE_OBJC_ARC = YES;
				CLANG_ENABLE_OBJC_WEAK = YES;
				CLANG_WARN_BLOCK_CAPTURE_AUTORELEASING = YES;
				CLANG_WARN_BOOL_CONVERSION = YES;
				CLANG_WARN_COMMA = YES;
				CLANG_WARN_CONSTANT_CONVERSION = YES;
				CLANG_WARN_DEPRECATED_OBJC_IMPLEMENTATIONS = YES;
				CLANG_WARN_DIRECT_OBJC_ISA_USAGE = YES_ERROR;
				CLANG_WARN_DOCUMENTATION_COMMENTS = YES;
				CLANG_WARN_EMPTY_BODY = YES;
				CLANG_WARN_ENUM_CONVERSION = YES;
				CLANG_WARN_INFINITE_RECURSION = YES;
				CLANG_WARN_INT_CONVERSION = YES;
				CLANG_WARN_NON_LITERAL_NULL_CONVERSION = YES;
				CLANG_WARN_OBJC_IMPLICIT_RETAIN_SELF = YES;
				CLANG_WARN_OBJC_LITERAL_CONVERSION = YES;
				CLANG_WARN_OBJC_ROOT_CLASS = YES_ERROR;
				CLANG_WARN_QUOTED_INCLUDE_IN_FRAMEWORK_HEADER = YES;
				CLANG_WARN_RANGE_LOOP_ANALYSIS = YES;
				CLANG_WARN_STRICT_PROTOTYPES = YES;
				CLANG_WARN_SUSPICIOUS_MOVE = YES;
				CLANG_WARN_UNGUARDED_AVAILABILITY = YES_AGGRESSIVE;
				CLANG_WARN_UNREACHABLE_CODE = YES;
				CLANG_WARN__DUPLICATE_METHOD_MATCH = YES;
				COPY_PHASE_STRIP = NO;
				DEBUG_INFORMATION_FORMAT = dwarf;
				ENABLE_STRICT_OBJC_MSGSEND = YES;
				ENABLE_TESTABILITY = YES;
				GCC_C_LANGUAGE_STANDARD = gnu11;
				GCC_DYNAMIC_NO_PIC = NO;
				GCC_NO_COMMON_BLOCKS = YES;
				GCC_OPTIMIZATION_LEVEL = 0;
				GCC_PREPROCESSOR_DEFINITIONS = (
					"DEBUG=1",
					"$(inherited)",
				);
				GCC_WARN_64_TO_32_BIT_CONVERSION = YES;
				GCC_WARN_ABOUT_RETURN_TYPE = YES_ERROR;
				GCC_WARN_UNDECLARED_SELECTOR = YES;
				GCC_WARN_UNINITIALIZED_AUTOS = YES_AGGRESSIVE;
				GCC_WARN_UNUSED_FUNCTION = YES;
				GCC_WARN_UNUSED_VARIABLE = YES;
				IPHONEOS_DEPLOYMENT_TARGET = 16.4;
				MTL_ENABLE_DEBUG_INFO = INCLUDE_SOURCE;
				MTL_FAST_MATH = YES;
				ONLY_ACTIVE_ARCH = YES;
				SDKROOT = iphoneos;
				SWIFT_ACTIVE_COMPILATION_CONDITIONS = DEBUG;
				SWIFT_OPTIMIZATION_LEVEL = "-Onone";
			};
			name = Debug;
		};
		B7B6230A2A98E9A30036E44B /* Release */ = {
			isa = XCBuildConfiguration;
			buildSettings = {
				ALWAYS_SEARCH_USER_PATHS = NO;
				CLANG_ANALYZER_NONNULL = YES;
				CLANG_ANALYZER_NUMBER_OBJECT_CONVERSION = YES_AGGRESSIVE;
				CLANG_CXX_LANGUAGE_STANDARD = "gnu++20";
				CLANG_ENABLE_MODULES = YES;
				CLANG_ENABLE_OBJC_ARC = YES;
				CLANG_ENABLE_OBJC_WEAK = YES;
				CLANG_WARN_BLOCK_CAPTURE_AUTORELEASING = YES;
				CLANG_WARN_BOOL_CONVERSION = YES;
				CLANG_WARN_COMMA = YES;
				CLANG_WARN_CONSTANT_CONVERSION = YES;
				CLANG_WARN_DEPRECATED_OBJC_IMPLEMENTATIONS = YES;
				CLANG_WARN_DIRECT_OBJC_ISA_USAGE = YES_ERROR;
				CLANG_WARN_DOCUMENTATION_COMMENTS = YES;
				CLANG_WARN_EMPTY_BODY = YES;
				CLANG_WARN_ENUM_CONVERSION = YES;
				CLANG_WARN_INFINITE_RECURSION = YES;
				CLANG_WARN_INT_CONVERSION = YES;
				CLANG_WARN_NON_LITERAL_NULL_CONVERSION = YES;
				CLANG_WARN_OBJC_IMPLICIT_RETAIN_SELF = YES;
				CLANG_WARN_OBJC_LITERAL_CONVERSION = YES;
				CLANG_WARN_OBJC_ROOT_CLASS = YES_ERROR;
				CLANG_WARN_QUOTED_INCLUDE_IN_FRAMEWORK_HEADER = YES;
				CLANG_WARN_RANGE_LOOP_ANALYSIS = YES;
				CLANG_WARN_STRICT_PROTOTYPES = YES;
				CLANG_WARN_SUSPICIOUS_MOVE = YES;
				CLANG_WARN_UNGUARDED_AVAILABILITY = YES_AGGRESSIVE;
				CLANG_WARN_UNREACHABLE_CODE = YES;
				CLANG_WARN__DUPLICATE_METHOD_MATCH = YES;
				COPY_PHASE_STRIP = NO;
				DEBUG_INFORMATION_FORMAT = "dwarf-with-dsym";
				ENABLE_NS_ASSERTIONS = NO;
				ENABLE_STRICT_OBJC_MSGSEND = YES;
				GCC_C_LANGUAGE_STANDARD = gnu11;
				GCC_NO_COMMON_BLOCKS = YES;
				GCC_WARN_64_TO_32_BIT_CONVERSION = YES;
				GCC_WARN_ABOUT_RETURN_TYPE = YES_ERROR;
				GCC_WARN_UNDECLARED_SELECTOR = YES;
				GCC_WARN_UNINITIALIZED_AUTOS = YES_AGGRESSIVE;
				GCC_WARN_UNUSED_FUNCTION = YES;
				GCC_WARN_UNUSED_VARIABLE = YES;
				IPHONEOS_DEPLOYMENT_TARGET = 16.4;
				MTL_ENABLE_DEBUG_INFO = NO;
				MTL_FAST_MATH = YES;
				SDKROOT = iphoneos;
				SWIFT_COMPILATION_MODE = wholemodule;
				SWIFT_OPTIMIZATION_LEVEL = "-O";
				VALIDATE_PRODUCT = YES;
			};
			name = Release;
		};
		B7B6230C2A98E9A30036E44B /* Debug */ = {
			isa = XCBuildConfiguration;
			baseConfigurationReference = 1D7A314F413487646C49B5AA /* Pods-WeatherRadarForAston.debug.xcconfig */;
			buildSettings = {
				ASSETCATALOG_COMPILER_APPICON_NAME = AppIcon;
				ASSETCATALOG_COMPILER_GLOBAL_ACCENT_COLOR_NAME = AccentColor;
				CODE_SIGN_STYLE = Automatic;
				CURRENT_PROJECT_VERSION = 1;
				GENERATE_INFOPLIST_FILE = YES;
				INFOPLIST_FILE = WeatherRadarForAston/Info.plist;
				INFOPLIST_KEY_UIApplicationSupportsIndirectInputEvents = YES;
				INFOPLIST_KEY_UILaunchStoryboardName = LaunchScreen;
				INFOPLIST_KEY_UIMainStoryboardFile = Main;
				INFOPLIST_KEY_UIStatusBarStyle = "";
				INFOPLIST_KEY_UISupportedInterfaceOrientations = "UIInterfaceOrientationLandscapeLeft UIInterfaceOrientationLandscapeRight UIInterfaceOrientationPortrait";
				INFOPLIST_KEY_UISupportedInterfaceOrientations_iPad = UIInterfaceOrientationPortrait;
				IPHONEOS_DEPLOYMENT_TARGET = 14.4;
				LD_RUNPATH_SEARCH_PATHS = (
					"$(inherited)",
					"@executable_path/Frameworks",
				);
				MARKETING_VERSION = 1.0;
				PRODUCT_BUNDLE_IDENTIFIER = app.WeatherRadarForAston;
				PRODUCT_NAME = "$(TARGET_NAME)";
				SUPPORTED_PLATFORMS = "iphoneos iphonesimulator";
				SUPPORTS_MACCATALYST = NO;
				SUPPORTS_MAC_DESIGNED_FOR_IPHONE_IPAD = NO;
				SWIFT_EMIT_LOC_STRINGS = YES;
				SWIFT_VERSION = 5.0;
				TARGETED_DEVICE_FAMILY = 1;
			};
			name = Debug;
		};
		B7B6230D2A98E9A30036E44B /* Release */ = {
			isa = XCBuildConfiguration;
			baseConfigurationReference = A7D88E5C8EFDDCEDF84BF096 /* Pods-WeatherRadarForAston.release.xcconfig */;
			buildSettings = {
				ASSETCATALOG_COMPILER_APPICON_NAME = AppIcon;
				ASSETCATALOG_COMPILER_GLOBAL_ACCENT_COLOR_NAME = AccentColor;
				CODE_SIGN_STYLE = Automatic;
				CURRENT_PROJECT_VERSION = 1;
				GENERATE_INFOPLIST_FILE = YES;
				INFOPLIST_FILE = WeatherRadarForAston/Info.plist;
				INFOPLIST_KEY_UIApplicationSupportsIndirectInputEvents = YES;
				INFOPLIST_KEY_UILaunchStoryboardName = LaunchScreen;
				INFOPLIST_KEY_UIMainStoryboardFile = Main;
				INFOPLIST_KEY_UIStatusBarStyle = "";
				INFOPLIST_KEY_UISupportedInterfaceOrientations = "UIInterfaceOrientationLandscapeLeft UIInterfaceOrientationLandscapeRight UIInterfaceOrientationPortrait";
				INFOPLIST_KEY_UISupportedInterfaceOrientations_iPad = UIInterfaceOrientationPortrait;
				IPHONEOS_DEPLOYMENT_TARGET = 14.4;
				LD_RUNPATH_SEARCH_PATHS = (
					"$(inherited)",
					"@executable_path/Frameworks",
				);
				MARKETING_VERSION = 1.0;
				PRODUCT_BUNDLE_IDENTIFIER = app.WeatherRadarForAston;
				PRODUCT_NAME = "$(TARGET_NAME)";
				SUPPORTED_PLATFORMS = "iphoneos iphonesimulator";
				SUPPORTS_MACCATALYST = NO;
				SUPPORTS_MAC_DESIGNED_FOR_IPHONE_IPAD = NO;
				SWIFT_EMIT_LOC_STRINGS = YES;
				SWIFT_VERSION = 5.0;
				TARGETED_DEVICE_FAMILY = 1;
			};
			name = Release;
		};
/* End XCBuildConfiguration section */

/* Begin XCConfigurationList section */
		B7B622F22A98E9A10036E44B /* Build configuration list for PBXProject "WeatherRadarForAston" */ = {
			isa = XCConfigurationList;
			buildConfigurations = (
				B7B623092A98E9A30036E44B /* Debug */,
				B7B6230A2A98E9A30036E44B /* Release */,
			);
			defaultConfigurationIsVisible = 0;
			defaultConfigurationName = Release;
		};
		B7B6230B2A98E9A30036E44B /* Build configuration list for PBXNativeTarget "WeatherRadarForAston" */ = {
			isa = XCConfigurationList;
			buildConfigurations = (
				B7B6230C2A98E9A30036E44B /* Debug */,
				B7B6230D2A98E9A30036E44B /* Release */,
			);
			defaultConfigurationIsVisible = 0;
			defaultConfigurationName = Release;
		};
/* End XCConfigurationList section */
	};
	rootObject = B7B622EF2A98E9A10036E44B /* Project object */;
}
